
Microsoft Visual Studio Solution File, Format Version 12.00
Project("{2150E333-8FDC-42A3-9474-1A3956D46DE8}") = "src", "src", "{B41DCF51-14A6-4E4E-871C-BDD64CD35955}"
EndProject
Project("{2150E333-8FDC-42A3-9474-1A3956D46DE8}") = "tests", "tests", "{AE07FDB4-8E6F-452D-A15D-925ED7432E58}"
EndProject
Project("{2150E333-8FDC-42A3-9474-1A3956D46DE8}") = "Backend", "Backend", "{D76225B3-7B6E-40A5-9734-4E9DBD4A232E}"
EndProject
Project("{2150E333-8FDC-42A3-9474-1A3956D46DE8}") = "Shared", "Shared", "{A5B27FBB-92AA-40FE-BD3A-4C8B9B444A74}"
EndProject
Project("{FAE04EC0-301F-11D3-BF4B-00C04F79EFBC}") = "MyRecipeBook.API", "src\Backend\MyRecipeBook.API\MyRecipeBook.API.csproj", "{7C19BD31-C956-4F28-B8A6-A85555DFCC6E}"
EndProject
Project("{FAE04EC0-301F-11D3-BF4B-00C04F79EFBC}") = "MyRecipeBook.Application", "src\Backend\MyRecipeBook.Application\MyRecipeBook.Application.csproj", "{307BAB2C-90C2-497F-AF05-2709F0115DB1}"
EndProject
Project("{FAE04EC0-301F-11D3-BF4B-00C04F79EFBC}") = "MyRecipeBook.Domain", "src\Backend\MyRecipeBook.Domain\MyRecipeBook.Domain.csproj", "{57214D08-C52A-4023-9A89-814E844838F4}"
EndProject
Project("{FAE04EC0-301F-11D3-BF4B-00C04F79EFBC}") = "MyRecipeBook.Infrastructure", "src\Backend\MyRecipeBook.Infrastructure\MyRecipeBook.Infrastructure.csproj", "{C346BF7C-C504-4255-95FA-5096E123986C}"
EndProject
Project("{FAE04EC0-301F-11D3-BF4B-00C04F79EFBC}") = "MyRecipeBook.Communication", "src\Shared\MyRecipeBook.Communication\MyRecipeBook.Communication.csproj", "{7A7D4068-9920-4F86-8EDE-2F01909360D0}"
EndProject
Project("{FAE04EC0-301F-11D3-BF4B-00C04F79EFBC}") = "MyRecipeBook.Exceptions", "src\Shared\MyRecipeBook.Exceptions\MyRecipeBook.Exceptions.csproj", "{80DA3C02-0595-4248-9136-FDF8A892ED0E}"
EndProject
Global
	GlobalSection(SolutionConfigurationPlatforms) = preSolution
		Debug|Any CPU = Debug|Any CPU
		Release|Any CPU = Release|Any CPU
	EndGlobalSection
	GlobalSection(NestedProjects) = preSolution
		{D76225B3-7B6E-40A5-9734-4E9DBD4A232E} = {B41DCF51-14A6-4E4E-871C-BDD64CD35955}
		{A5B27FBB-92AA-40FE-BD3A-4C8B9B444A74} = {B41DCF51-14A6-4E4E-871C-BDD64CD35955}
		{7C19BD31-C956-4F28-B8A6-A85555DFCC6E} = {D76225B3-7B6E-40A5-9734-4E9DBD4A232E}
		{307BAB2C-90C2-497F-AF05-2709F0115DB1} = {D76225B3-7B6E-40A5-9734-4E9DBD4A232E}
		{57214D08-C52A-4023-9A89-814E844838F4} = {D76225B3-7B6E-40A5-9734-4E9DBD4A232E}
		{C346BF7C-C504-4255-95FA-5096E123986C} = {D76225B3-7B6E-40A5-9734-4E9DBD4A232E}
		{7A7D4068-9920-4F86-8EDE-2F01909360D0} = {A5B27FBB-92AA-40FE-BD3A-4C8B9B444A74}
		{80DA3C02-0595-4248-9136-FDF8A892ED0E} = {A5B27FBB-92AA-40FE-BD3A-4C8B9B444A74}
	EndGlobalSection
	GlobalSection(ProjectConfigurationPlatforms) = postSolution
		{7C19BD31-C956-4F28-B8A6-A85555DFCC6E}.Debug|Any CPU.ActiveCfg = Debug|Any CPU
		{7C19BD31-C956-4F28-B8A6-A85555DFCC6E}.Debug|Any CPU.Build.0 = Debug|Any CPU
		{7C19BD31-C956-4F28-B8A6-A85555DFCC6E}.Release|Any CPU.ActiveCfg = Release|Any CPU
		{7C19BD31-C956-4F28-B8A6-A85555DFCC6E}.Release|Any CPU.Build.0 = Release|Any CPU
		{307BAB2C-90C2-497F-AF05-2709F0115DB1}.Debug|Any CPU.ActiveCfg = Debug|Any CPU
		{307BAB2C-90C2-497F-AF05-2709F0115DB1}.Debug|Any CPU.Build.0 = Debug|Any CPU
		{307BAB2C-90C2-497F-AF05-2709F0115DB1}.Release|Any CPU.ActiveCfg = Release|Any CPU
		{307BAB2C-90C2-497F-AF05-2709F0115DB1}.Release|Any CPU.Build.0 = Release|Any CPU
		{57214D08-C52A-4023-9A89-814E844838F4}.Debug|Any CPU.ActiveCfg = Debug|Any CPU
		{57214D08-C52A-4023-9A89-814E844838F4}.Debug|Any CPU.Build.0 = Debug|Any CPU
		{57214D08-C52A-4023-9A89-814E844838F4}.Release|Any CPU.ActiveCfg = Release|Any CPU
		{57214D08-C52A-4023-9A89-814E844838F4}.Release|Any CPU.Build.0 = Release|Any CPU
		{C346BF7C-C504-4255-95FA-5096E123986C}.Debug|Any CPU.ActiveCfg = Debug|Any CPU
		{C346BF7C-C504-4255-95FA-5096E123986C}.Debug|Any CPU.Build.0 = Debug|Any CPU
		{C346BF7C-C504-4255-95FA-5096E123986C}.Release|Any CPU.ActiveCfg = Release|Any CPU
		{C346BF7C-C504-4255-95FA-5096E123986C}.Release|Any CPU.Build.0 = Release|Any CPU
		{7A7D4068-9920-4F86-8EDE-2F01909360D0}.Debug|Any CPU.ActiveCfg = Debug|Any CPU
		{7A7D4068-9920-4F86-8EDE-2F01909360D0}.Debug|Any CPU.Build.0 = Debug|Any CPU
		{7A7D4068-9920-4F86-8EDE-2F01909360D0}.Release|Any CPU.ActiveCfg = Release|Any CPU
		{7A7D4068-9920-4F86-8EDE-2F01909360D0}.Release|Any CPU.Build.0 = Release|Any CPU
		{80DA3C02-0595-4248-9136-FDF8A892ED0E}.Debug|Any CPU.ActiveCfg = Debug|Any CPU
		{80DA3C02-0595-4248-9136-FDF8A892ED0E}.Debug|Any CPU.Build.0 = Debug|Any CPU
		{80DA3C02-0595-4248-9136-FDF8A892ED0E}.Release|Any CPU.ActiveCfg = Release|Any CPU
		{80DA3C02-0595-4248-9136-FDF8A892ED0E}.Release|Any CPU.Build.0 = Release|Any CPU
	EndGlobalSection
EndGlobal
